{
  "version": "5",
  "specifiers": {
    "jsr:@openai/openai@*": "6.33.0",
    "jsr:@openai/openai@^6.33.0": "6.33.0",
    "jsr:@std/assert@^1.0.19": "1.0.19",
    "jsr:@std/internal@^1.0.12": "1.0.12",
    "npm:zod@3": "3.25.76"
  },
  "jsr": {
    "@openai/openai@6.33.0": {
      "integrity": "292fec0ff0fd8b04f25e0ccbee8a06895b423abfb5113b9076e4ae39b4a18721",
      "dependencies": [
        "npm:zod"
      ]
    },
    "@std/assert@1.0.19": {
      "integrity": "eaada96ee120cb980bc47e040f82814d786fe8162ecc53c91d8df60b8755991e",
      "dependencies": [
        "jsr:@std/internal"
      ]
    },
    "@std/internal@1.0.12": {
      "integrity": "972a634fd5bc34b242024402972cd5143eac68d8dffaca5eaa4dba30ce17b027"
    }
  },
  "npm": {
    "zod@3.25.76": {
      "integrity": "sha512-gzUt/qt81nXsFGKIFcC3YnfEAx5NkunCfnDlvuBSSFS02bcXu4Lmea0AFIUwbLWxWPx3d9p8S5QoaujKcNQxcQ=="
    }
  },
  "workspace": {
    "dependencies": [
      "jsr:@openai/openai@^6.33.0",
      "jsr:@std/assert@^1.0.19"
    ]
  }
}
